// !$*UTF8*$!
{
	archiveVersion = 1;
	classes = {
	};
	objectVersion = 56;
	objects = {

/* Begin PBXBuildFile section */
		9943E87629FB444F002F4C26 /* os_error_code.cpp in Sources */ = {isa = PBXBuildFile; fileRef = 9943E87429FB444F002F4C26 /* os_error_code.cpp */; };
		9943E87729FB444F002F4C26 /* os_error_code.hpp in Headers */ = {isa = PBXBuildFile; fileRef = 9943E87529FB444F002F4C26 /* os_error_code.hpp */; };
		9943E87A29FBF418002F4C26 /* wait_status.cpp in Sources */ = {isa = PBXBuildFile; fileRef = 9943E87829FBF418002F4C26 /* wait_status.cpp */; };
		9943E87B29FBF418002F4C26 /* wait_status.hpp in Headers */ = {isa = PBXBuildFile; fileRef = 9943E87929FBF418002F4C26 /* wait_status.hpp */; };
		9943E87D29FBFA07002F4C26 /* variant.hpp in Headers */ = {isa = PBXBuildFile; fileRef = 9943E87C29FBF8BE002F4C26 /* variant.hpp */; };
		9943E88429FC0763002F4C26 /* wait_result.cpp in Sources */ = {isa = PBXBuildFile; fileRef = 9943E88229FC0763002F4C26 /* wait_result.cpp */; };
		9943E88529FC0763002F4C26 /* wait_result.hpp in Headers */ = {isa = PBXBuildFile; fileRef = 9943E88329FC0763002F4C26 /* wait_result.hpp */; };
		9943E88C2A005069002F4C26 /* endpoint.hpp in Headers */ = {isa = PBXBuildFile; fileRef = 9943E88B2A005069002F4C26 /* endpoint.hpp */; };
		9943E88F2A0068C6002F4C26 /* indenting_ostreambuf.cpp in Sources */ = {isa = PBXBuildFile; fileRef = 9943E88D2A0068C6002F4C26 /* indenting_ostreambuf.cpp */; };
		9943E8902A0068C6002F4C26 /* indenting_ostreambuf.hpp in Headers */ = {isa = PBXBuildFile; fileRef = 9943E88E2A0068C6002F4C26 /* indenting_ostreambuf.hpp */; };
		9943E8932A021A46002F4C26 /* pipe_channel.cpp in Sources */ = {isa = PBXBuildFile; fileRef = 9943E8912A021A46002F4C26 /* pipe_channel.cpp */; };
		9943E8942A021A46002F4C26 /* pipe_channel.hpp in Headers */ = {isa = PBXBuildFile; fileRef = 9943E8922A021A46002F4C26 /* pipe_channel.hpp */; };
		9943E8972A021E98002F4C26 /* user_endpoint.cpp in Sources */ = {isa = PBXBuildFile; fileRef = 9943E8952A021E98002F4C26 /* user_endpoint.cpp */; };
		9943E8982A021E98002F4C26 /* user_endpoint.hpp in Headers */ = {isa = PBXBuildFile; fileRef = 9943E8962A021E98002F4C26 /* user_endpoint.hpp */; };
		9943E89A2A044697002F4C26 /* environment_map.hpp in Headers */ = {isa = PBXBuildFile; fileRef = 9943E8992A044697002F4C26 /* environment_map.hpp */; };
		9943E89C2A0453F3002F4C26 /* environment_map.cpp in Sources */ = {isa = PBXBuildFile; fileRef = 9943E89B2A0453F3002F4C26 /* environment_map.cpp */; };
		9943E89F2A04A63F002F4C26 /* owning_process_id.cpp in Sources */ = {isa = PBXBuildFile; fileRef = 9943E89D2A04A63F002F4C26 /* owning_process_id.cpp */; };
		9943E8A02A04A63F002F4C26 /* owning_process_id.hpp in Headers */ = {isa = PBXBuildFile; fileRef = 9943E89E2A04A63F002F4C26 /* owning_process_id.hpp */; };
		9943E8A32A04A783002F4C26 /* reference_process_id.cpp in Sources */ = {isa = PBXBuildFile; fileRef = 9943E8A12A04A783002F4C26 /* reference_process_id.cpp */; };
		9943E8A42A04A783002F4C26 /* reference_process_id.hpp in Headers */ = {isa = PBXBuildFile; fileRef = 9943E8A22A04A783002F4C26 /* reference_process_id.hpp */; };
		9943E8A72A055E11002F4C26 /* pipe_registry.cpp in Sources */ = {isa = PBXBuildFile; fileRef = 9943E8A52A055E11002F4C26 /* pipe_registry.cpp */; };
		9943E8A82A055E11002F4C26 /* pipe_registry.hpp in Headers */ = {isa = PBXBuildFile; fileRef = 9943E8A62A055E11002F4C26 /* pipe_registry.hpp */; };
		9943E8AB2A059A28002F4C26 /* file_channel.cpp in Sources */ = {isa = PBXBuildFile; fileRef = 9943E8A92A059A28002F4C26 /* file_channel.cpp */; };
		9943E8AC2A059A28002F4C26 /* file_channel.hpp in Headers */ = {isa = PBXBuildFile; fileRef = 9943E8AA2A059A28002F4C26 /* file_channel.hpp */; };
		9943E8AF2A06F10F002F4C26 /* env_name.cpp in Sources */ = {isa = PBXBuildFile; fileRef = 9943E8AD2A06F10F002F4C26 /* env_name.cpp */; };
		9943E8B02A06F10F002F4C26 /* env_name.hpp in Headers */ = {isa = PBXBuildFile; fileRef = 9943E8AE2A06F10F002F4C26 /* env_name.hpp */; };
		9943E8B32A06F403002F4C26 /* env_value.cpp in Sources */ = {isa = PBXBuildFile; fileRef = 9943E8B12A06F403002F4C26 /* env_value.cpp */; };
		9943E8B42A06F403002F4C26 /* env_value.hpp in Headers */ = {isa = PBXBuildFile; fileRef = 9943E8B22A06F403002F4C26 /* env_value.hpp */; };
		9943E8B62A06F6ED002F4C26 /* checked_value.hpp in Headers */ = {isa = PBXBuildFile; fileRef = 9943E8B52A06F6ED002F4C26 /* checked_value.hpp */; };
		99940BD129F1644400A77461 /* main.cpp in Sources */ = {isa = PBXBuildFile; fileRef = 99940BD029F1644400A77461 /* main.cpp */; };
		99940BE429F1BF4400A77461 /* libflow.dylib in Embed Libraries */ = {isa = PBXBuildFile; fileRef = 99940BDE29F1BD4000A77461 /* libflow.dylib */; settings = {ATTRIBUTES = (CodeSignOnCopy, ); }; };
		99940BEE29F1C9A500A77461 /* io_type.cpp in Sources */ = {isa = PBXBuildFile; fileRef = 99940BEC29F1C9A500A77461 /* io_type.cpp */; };
		99940BEF29F1C9A500A77461 /* io_type.hpp in Headers */ = {isa = PBXBuildFile; fileRef = 99940BED29F1C9A500A77461 /* io_type.hpp */; };
		99940BF429F1D01400A77461 /* libflow.dylib in Frameworks */ = {isa = PBXBuildFile; fileRef = 99940BDE29F1BD4000A77461 /* libflow.dylib */; };
		99940BF729F1DAE800A77461 /* descriptor_id.cpp in Sources */ = {isa = PBXBuildFile; fileRef = 99940BF529F1DAE800A77461 /* descriptor_id.cpp */; };
		99940BF829F1DAE800A77461 /* descriptor_id.hpp in Headers */ = {isa = PBXBuildFile; fileRef = 99940BF629F1DAE800A77461 /* descriptor_id.hpp */; };
		99940BFB29F1F49F00A77461 /* process_id.cpp in Sources */ = {isa = PBXBuildFile; fileRef = 99940BF929F1F49F00A77461 /* process_id.cpp */; };
		99940BFC29F1F49F00A77461 /* process_id.hpp in Headers */ = {isa = PBXBuildFile; fileRef = 99940BFA29F1F49F00A77461 /* process_id.hpp */; };
		99940BFF29F1F73900A77461 /* system_name.cpp in Sources */ = {isa = PBXBuildFile; fileRef = 99940BFD29F1F73900A77461 /* system_name.cpp */; };
		99940C0029F1F73900A77461 /* system_name.hpp in Headers */ = {isa = PBXBuildFile; fileRef = 99940BFE29F1F73900A77461 /* system_name.hpp */; };
		99C1937B29F4D70F00C3F53F /* system_endpoint.cpp in Sources */ = {isa = PBXBuildFile; fileRef = 99C1937929F4D70F00C3F53F /* system_endpoint.cpp */; };
		99C1937C29F4D70F00C3F53F /* system_endpoint.hpp in Headers */ = {isa = PBXBuildFile; fileRef = 99C1937A29F4D70F00C3F53F /* system_endpoint.hpp */; };
		99C1938329F506C200C3F53F /* file_endpoint.cpp in Sources */ = {isa = PBXBuildFile; fileRef = 99C1938129F506C200C3F53F /* file_endpoint.cpp */; };
		99C1938429F506C200C3F53F /* file_endpoint.hpp in Headers */ = {isa = PBXBuildFile; fileRef = 99C1938229F506C200C3F53F /* file_endpoint.hpp */; };
		99C1938F29F50EFD00C3F53F /* channel.cpp in Sources */ = {isa = PBXBuildFile; fileRef = 99C1938D29F50EFD00C3F53F /* channel.cpp */; };
		99C1939029F50EFD00C3F53F /* channel.hpp in Headers */ = {isa = PBXBuildFile; fileRef = 99C1938E29F50EFD00C3F53F /* channel.hpp */; };
		99C1939329F511B700C3F53F /* connection.cpp in Sources */ = {isa = PBXBuildFile; fileRef = 99C1939129F511B700C3F53F /* connection.cpp */; };
		99C1939429F511B700C3F53F /* connection.hpp in Headers */ = {isa = PBXBuildFile; fileRef = 99C1939229F511B700C3F53F /* connection.hpp */; };
		99C1939729F5136100C3F53F /* system.cpp in Sources */ = {isa = PBXBuildFile; fileRef = 99C1939529F5136100C3F53F /* system.cpp */; };
		99C1939829F5136100C3F53F /* system.hpp in Headers */ = {isa = PBXBuildFile; fileRef = 99C1939629F5136100C3F53F /* system.hpp */; };
		99C1939B29F5774600C3F53F /* instance.cpp in Sources */ = {isa = PBXBuildFile; fileRef = 99C1939929F5774600C3F53F /* instance.cpp */; };
		99C1939C29F5774600C3F53F /* instance.hpp in Headers */ = {isa = PBXBuildFile; fileRef = 99C1939A29F5774600C3F53F /* instance.hpp */; };
		99C1939F29F5819A00C3F53F /* utility.cpp in Sources */ = {isa = PBXBuildFile; fileRef = 99C1939D29F5819A00C3F53F /* utility.cpp */; };
		99C193A029F5819A00C3F53F /* utility.hpp in Headers */ = {isa = PBXBuildFile; fileRef = 99C1939E29F5819A00C3F53F /* utility.hpp */; };
		99C193A229F6EB4B00C3F53F /* expected.hpp in Headers */ = {isa = PBXBuildFile; fileRef = 99C193A129F6EB4B00C3F53F /* expected.hpp */; };
		99C193A529F76AB800C3F53F /* descriptor_iostream.cpp in Sources */ = {isa = PBXBuildFile; fileRef = 99C193A329F76AB800C3F53F /* descriptor_iostream.cpp */; };
		99C193A629F76AB800C3F53F /* descriptor_iostream.hpp in Headers */ = {isa = PBXBuildFile; fileRef = 99C193A429F76AB800C3F53F /* descriptor_iostream.hpp */; };
		99C193B029F7AFD100C3F53F /* fstream.hpp in Headers */ = {isa = PBXBuildFile; fileRef = 99C193AF29F7AFD100C3F53F /* fstream.hpp */; };
/* End PBXBuildFile section */

/* Begin PBXContainerItemProxy section */
		99940BF229F1CFF100A77461 /* PBXContainerItemProxy */ = {
			isa = PBXContainerItemProxy;
			containerPortal = 99940BC529F1644400A77461 /* Project object */;
			proxyType = 1;
			remoteGlobalIDString = 99940BDD29F1BD4000A77461;
			remoteInfo = library;
		};
/* End PBXContainerItemProxy section */

/* Begin PBXCopyFilesBuildPhase section */
		99940BCB29F1644400A77461 /* CopyFiles */ = {
			isa = PBXCopyFilesBuildPhase;
			buildActionMask = 2147483647;
			dstPath = /usr/share/man/man1/;
			dstSubfolderSpec = 0;
			files = (
			);
			runOnlyForDeploymentPostprocessing = 1;
		};
		99940BE729F1BF4400A77461 /* Embed Libraries */ = {
			isa = PBXCopyFilesBuildPhase;
			buildActionMask = 2147483647;
			dstPath = "";
			dstSubfolderSpec = 10;
			files = (
				99940BE429F1BF4400A77461 /* libflow.dylib in Embed Libraries */,
			);
			name = "Embed Libraries";
			runOnlyForDeploymentPostprocessing = 0;
		};
/* End PBXCopyFilesBuildPhase section */

/* Begin PBXFileReference section */
		9943E87429FB444F002F4C26 /* os_error_code.cpp */ = {isa = PBXFileReference; lastKnownFileType = sourcecode.cpp.cpp; path = os_error_code.cpp; sourceTree = "<group>"; };
		9943E87529FB444F002F4C26 /* os_error_code.hpp */ = {isa = PBXFileReference; lastKnownFileType = sourcecode.cpp.h; path = os_error_code.hpp; sourceTree = "<group>"; };
		9943E87829FBF418002F4C26 /* wait_status.cpp */ = {isa = PBXFileReference; lastKnownFileType = sourcecode.cpp.cpp; path = wait_status.cpp; sourceTree = "<group>"; };
		9943E87929FBF418002F4C26 /* wait_status.hpp */ = {isa = PBXFileReference; lastKnownFileType = sourcecode.cpp.h; path = wait_status.hpp; sourceTree = "<group>"; };
		9943E87C29FBF8BE002F4C26 /* variant.hpp */ = {isa = PBXFileReference; lastKnownFileType = sourcecode.cpp.h; path = variant.hpp; sourceTree = "<group>"; };
		9943E88229FC0763002F4C26 /* wait_result.cpp */ = {isa = PBXFileReference; lastKnownFileType = sourcecode.cpp.cpp; path = wait_result.cpp; sourceTree = "<group>"; };
		9943E88329FC0763002F4C26 /* wait_result.hpp */ = {isa = PBXFileReference; lastKnownFileType = sourcecode.cpp.h; path = wait_result.hpp; sourceTree = "<group>"; };
		9943E88B2A005069002F4C26 /* endpoint.hpp */ = {isa = PBXFileReference; lastKnownFileType = sourcecode.cpp.h; path = endpoint.hpp; sourceTree = "<group>"; };
		9943E88D2A0068C6002F4C26 /* indenting_ostreambuf.cpp */ = {isa = PBXFileReference; lastKnownFileType = sourcecode.cpp.cpp; path = indenting_ostreambuf.cpp; sourceTree = "<group>"; };
		9943E88E2A0068C6002F4C26 /* indenting_ostreambuf.hpp */ = {isa = PBXFileReference; lastKnownFileType = sourcecode.cpp.h; path = indenting_ostreambuf.hpp; sourceTree = "<group>"; };
		9943E8912A021A46002F4C26 /* pipe_channel.cpp */ = {isa = PBXFileReference; lastKnownFileType = sourcecode.cpp.cpp; path = pipe_channel.cpp; sourceTree = "<group>"; };
		9943E8922A021A46002F4C26 /* pipe_channel.hpp */ = {isa = PBXFileReference; lastKnownFileType = sourcecode.cpp.h; path = pipe_channel.hpp; sourceTree = "<group>"; };
		9943E8952A021E98002F4C26 /* user_endpoint.cpp */ = {isa = PBXFileReference; lastKnownFileType = sourcecode.cpp.cpp; path = user_endpoint.cpp; sourceTree = "<group>"; };
		9943E8962A021E98002F4C26 /* user_endpoint.hpp */ = {isa = PBXFileReference; lastKnownFileType = sourcecode.cpp.h; path = user_endpoint.hpp; sourceTree = "<group>"; };
		9943E8992A044697002F4C26 /* environment_map.hpp */ = {isa = PBXFileReference; lastKnownFileType = sourcecode.cpp.h; path = environment_map.hpp; sourceTree = "<group>"; };
		9943E89B2A0453F3002F4C26 /* environment_map.cpp */ = {isa = PBXFileReference; lastKnownFileType = sourcecode.cpp.cpp; path = environment_map.cpp; sourceTree = "<group>"; };
		9943E89D2A04A63F002F4C26 /* owning_process_id.cpp */ = {isa = PBXFileReference; lastKnownFileType = sourcecode.cpp.cpp; path = owning_process_id.cpp; sourceTree = "<group>"; };
		9943E89E2A04A63F002F4C26 /* owning_process_id.hpp */ = {isa = PBXFileReference; lastKnownFileType = sourcecode.cpp.h; path = owning_process_id.hpp; sourceTree = "<group>"; };
		9943E8A12A04A783002F4C26 /* reference_process_id.cpp */ = {isa = PBXFileReference; lastKnownFileType = sourcecode.cpp.cpp; path = reference_process_id.cpp; sourceTree = "<group>"; };
		9943E8A22A04A783002F4C26 /* reference_process_id.hpp */ = {isa = PBXFileReference; lastKnownFileType = sourcecode.cpp.h; path = reference_process_id.hpp; sourceTree = "<group>"; };
		9943E8A52A055E11002F4C26 /* pipe_registry.cpp */ = {isa = PBXFileReference; lastKnownFileType = sourcecode.cpp.cpp; path = pipe_registry.cpp; sourceTree = "<group>"; };
		9943E8A62A055E11002F4C26 /* pipe_registry.hpp */ = {isa = PBXFileReference; lastKnownFileType = sourcecode.cpp.h; path = pipe_registry.hpp; sourceTree = "<group>"; };
		9943E8A92A059A28002F4C26 /* file_channel.cpp */ = {isa = PBXFileReference; lastKnownFileType = sourcecode.cpp.cpp; path = file_channel.cpp; sourceTree = "<group>"; };
		9943E8AA2A059A28002F4C26 /* file_channel.hpp */ = {isa = PBXFileReference; lastKnownFileType = sourcecode.cpp.h; path = file_channel.hpp; sourceTree = "<group>"; };
		9943E8AD2A06F10F002F4C26 /* env_name.cpp */ = {isa = PBXFileReference; lastKnownFileType = sourcecode.cpp.cpp; path = env_name.cpp; sourceTree = "<group>"; };
		9943E8AE2A06F10F002F4C26 /* env_name.hpp */ = {isa = PBXFileReference; lastKnownFileType = sourcecode.cpp.h; path = env_name.hpp; sourceTree = "<group>"; };
		9943E8B12A06F403002F4C26 /* env_value.cpp */ = {isa = PBXFileReference; lastKnownFileType = sourcecode.cpp.cpp; path = env_value.cpp; sourceTree = "<group>"; };
		9943E8B22A06F403002F4C26 /* env_value.hpp */ = {isa = PBXFileReference; lastKnownFileType = sourcecode.cpp.h; path = env_value.hpp; sourceTree = "<group>"; };
		9943E8B52A06F6ED002F4C26 /* checked_value.hpp */ = {isa = PBXFileReference; lastKnownFileType = sourcecode.cpp.h; path = checked_value.hpp; sourceTree = "<group>"; };
		99940BCD29F1644400A77461 /* shell */ = {isa = PBXFileReference; explicitFileType = "compiled.mach-o.executable"; includeInIndex = 0; path = shell; sourceTree = BUILT_PRODUCTS_DIR; };
		99940BD029F1644400A77461 /* main.cpp */ = {isa = PBXFileReference; lastKnownFileType = sourcecode.cpp.cpp; path = main.cpp; sourceTree = "<group>"; };
		99940BDE29F1BD4000A77461 /* libflow.dylib */ = {isa = PBXFileReference; explicitFileType = "compiled.mach-o.dylib"; includeInIndex = 0; path = libflow.dylib; sourceTree = BUILT_PRODUCTS_DIR; };
		99940BEC29F1C9A500A77461 /* io_type.cpp */ = {isa = PBXFileReference; lastKnownFileType = sourcecode.cpp.cpp; path = io_type.cpp; sourceTree = "<group>"; };
		99940BED29F1C9A500A77461 /* io_type.hpp */ = {isa = PBXFileReference; lastKnownFileType = sourcecode.cpp.h; path = io_type.hpp; sourceTree = "<group>"; };
		99940BF529F1DAE800A77461 /* descriptor_id.cpp */ = {isa = PBXFileReference; lastKnownFileType = sourcecode.cpp.cpp; path = descriptor_id.cpp; sourceTree = "<group>"; };
		99940BF629F1DAE800A77461 /* descriptor_id.hpp */ = {isa = PBXFileReference; lastKnownFileType = sourcecode.cpp.h; path = descriptor_id.hpp; sourceTree = "<group>"; };
		99940BF929F1F49F00A77461 /* process_id.cpp */ = {isa = PBXFileReference; lastKnownFileType = sourcecode.cpp.cpp; path = process_id.cpp; sourceTree = "<group>"; };
		99940BFA29F1F49F00A77461 /* process_id.hpp */ = {isa = PBXFileReference; lastKnownFileType = sourcecode.cpp.h; path = process_id.hpp; sourceTree = "<group>"; };
		99940BFD29F1F73900A77461 /* system_name.cpp */ = {isa = PBXFileReference; lastKnownFileType = sourcecode.cpp.cpp; path = system_name.cpp; sourceTree = "<group>"; };
		99940BFE29F1F73900A77461 /* system_name.hpp */ = {isa = PBXFileReference; lastKnownFileType = sourcecode.cpp.h; path = system_name.hpp; sourceTree = "<group>"; };
		99C1937929F4D70F00C3F53F /* system_endpoint.cpp */ = {isa = PBXFileReference; lastKnownFileType = sourcecode.cpp.cpp; path = system_endpoint.cpp; sourceTree = "<group>"; };
		99C1937A29F4D70F00C3F53F /* system_endpoint.hpp */ = {isa = PBXFileReference; lastKnownFileType = sourcecode.cpp.h; path = system_endpoint.hpp; sourceTree = "<group>"; };
		99C1938129F506C200C3F53F /* file_endpoint.cpp */ = {isa = PBXFileReference; lastKnownFileType = sourcecode.cpp.cpp; path = file_endpoint.cpp; sourceTree = "<group>"; };
		99C1938229F506C200C3F53F /* file_endpoint.hpp */ = {isa = PBXFileReference; lastKnownFileType = sourcecode.cpp.h; path = file_endpoint.hpp; sourceTree = "<group>"; };
		99C1938D29F50EFD00C3F53F /* channel.cpp */ = {isa = PBXFileReference; lastKnownFileType = sourcecode.cpp.cpp; path = channel.cpp; sourceTree = "<group>"; };
		99C1938E29F50EFD00C3F53F /* channel.hpp */ = {isa = PBXFileReference; lastKnownFileType = sourcecode.cpp.h; path = channel.hpp; sourceTree = "<group>"; };
		99C1939129F511B700C3F53F /* connection.cpp */ = {isa = PBXFileReference; lastKnownFileType = sourcecode.cpp.cpp; path = connection.cpp; sourceTree = "<group>"; };
		99C1939229F511B700C3F53F /* connection.hpp */ = {isa = PBXFileReference; lastKnownFileType = sourcecode.cpp.h; path = connection.hpp; sourceTree = "<group>"; };
		99C1939529F5136100C3F53F /* system.cpp */ = {isa = PBXFileReference; lastKnownFileType = sourcecode.cpp.cpp; path = system.cpp; sourceTree = "<group>"; };
		99C1939629F5136100C3F53F /* system.hpp */ = {isa = PBXFileReference; lastKnownFileType = sourcecode.cpp.h; path = system.hpp; sourceTree = "<group>"; };
		99C1939929F5774600C3F53F /* instance.cpp */ = {isa = PBXFileReference; lastKnownFileType = sourcecode.cpp.cpp; path = instance.cpp; sourceTree = "<group>"; };
		99C1939A29F5774600C3F53F /* instance.hpp */ = {isa = PBXFileReference; lastKnownFileType = sourcecode.cpp.h; path = instance.hpp; sourceTree = "<group>"; };
		99C1939D29F5819A00C3F53F /* utility.cpp */ = {isa = PBXFileReference; lastKnownFileType = sourcecode.cpp.cpp; path = utility.cpp; sourceTree = "<group>"; };
		99C1939E29F5819A00C3F53F /* utility.hpp */ = {isa = PBXFileReference; lastKnownFileType = sourcecode.cpp.h; path = utility.hpp; sourceTree = "<group>"; };
		99C193A129F6EB4B00C3F53F /* expected.hpp */ = {isa = PBXFileReference; lastKnownFileType = sourcecode.cpp.h; path = expected.hpp; sourceTree = "<group>"; };
		99C193A329F76AB800C3F53F /* descriptor_iostream.cpp */ = {isa = PBXFileReference; lastKnownFileType = sourcecode.cpp.cpp; path = descriptor_iostream.cpp; sourceTree = "<group>"; };
		99C193A429F76AB800C3F53F /* descriptor_iostream.hpp */ = {isa = PBXFileReference; lastKnownFileType = sourcecode.cpp.h; path = descriptor_iostream.hpp; sourceTree = "<group>"; };
		99C193AF29F7AFD100C3F53F /* fstream.hpp */ = {isa = PBXFileReference; fileEncoding = 4; lastKnownFileType = sourcecode.cpp.h; path = fstream.hpp; sourceTree = "<group>"; };
/* End PBXFileReference section */

/* Begin PBXFrameworksBuildPhase section */
		99940BCA29F1644400A77461 /* Frameworks */ = {
			isa = PBXFrameworksBuildPhase;
			buildActionMask = 2147483647;
			files = (
				99940BF429F1D01400A77461 /* libflow.dylib in Frameworks */,
			);
			runOnlyForDeploymentPostprocessing = 0;
		};
		99940BDC29F1BD4000A77461 /* Frameworks */ = {
			isa = PBXFrameworksBuildPhase;
			buildActionMask = 2147483647;
			files = (
			);
			runOnlyForDeploymentPostprocessing = 0;
		};
/* End PBXFrameworksBuildPhase section */

/* Begin PBXGroup section */
		9943E88629FC242A002F4C26 /* ext */ = {
			isa = PBXGroup;
			children = (
				99C193A129F6EB4B00C3F53F /* expected.hpp */,
				99C193AF29F7AFD100C3F53F /* fstream.hpp */,
			);
			path = ext;
			sourceTree = "<group>";
		};
		99940BC429F1644400A77461 = {
			isa = PBXGroup;
			children = (
				99940BD729F1BC5900A77461 /* library */,
				99940BCF29F1644400A77461 /* shell */,
				99940BCE29F1644400A77461 /* Products */,
				99940BE229F1BF4400A77461 /* Frameworks */,
			);
			sourceTree = "<group>";
		};
		99940BCE29F1644400A77461 /* Products */ = {
			isa = PBXGroup;
			children = (
				99940BCD29F1644400A77461 /* shell */,
				99940BDE29F1BD4000A77461 /* libflow.dylib */,
			);
			name = Products;
			sourceTree = "<group>";
		};
		99940BCF29F1644400A77461 /* shell */ = {
			isa = PBXGroup;
			children = (
				99940BD029F1644400A77461 /* main.cpp */,
			);
			path = shell;
			sourceTree = "<group>";
		};
		99940BD729F1BC5900A77461 /* library */ = {
			isa = PBXGroup;
			children = (
				99940BD829F1BC5900A77461 /* include */,
				99940BD929F1BC5900A77461 /* source */,
			);
			path = library;
			sourceTree = "<group>";
		};
		99940BD829F1BC5900A77461 /* include */ = {
			isa = PBXGroup;
			children = (
				9943E88629FC242A002F4C26 /* ext */,
				99940BF029F1CB8400A77461 /* flow */,
			);
			path = include;
			sourceTree = "<group>";
		};
		99940BD929F1BC5900A77461 /* source */ = {
			isa = PBXGroup;
			children = (
				99940BF129F1CB9300A77461 /* flow */,
			);
			path = source;
			sourceTree = "<group>";
		};
		99940BE229F1BF4400A77461 /* Frameworks */ = {
			isa = PBXGroup;
			children = (
			);
			name = Frameworks;
			sourceTree = "<group>";
		};
		99940BF029F1CB8400A77461 /* flow */ = {
			isa = PBXGroup;
			children = (
				99C1938E29F50EFD00C3F53F /* channel.hpp */,
				9943E8B52A06F6ED002F4C26 /* checked_value.hpp */,
				99C1939229F511B700C3F53F /* connection.hpp */,
				99940BF629F1DAE800A77461 /* descriptor_id.hpp */,
				99C193A429F76AB800C3F53F /* descriptor_iostream.hpp */,
				9943E88B2A005069002F4C26 /* endpoint.hpp */,
				9943E8AE2A06F10F002F4C26 /* env_name.hpp */,
				9943E8B22A06F403002F4C26 /* env_value.hpp */,
				9943E8992A044697002F4C26 /* environment_map.hpp */,
				9943E8AA2A059A28002F4C26 /* file_channel.hpp */,
				99C1938229F506C200C3F53F /* file_endpoint.hpp */,
				99C1939A29F5774600C3F53F /* instance.hpp */,
				99940BED29F1C9A500A77461 /* io_type.hpp */,
				9943E87529FB444F002F4C26 /* os_error_code.hpp */,
				9943E89E2A04A63F002F4C26 /* owning_process_id.hpp */,
				9943E8922A021A46002F4C26 /* pipe_channel.hpp */,
				99940BFA29F1F49F00A77461 /* process_id.hpp */,
				9943E8A22A04A783002F4C26 /* reference_process_id.hpp */,
				99C1937A29F4D70F00C3F53F /* system_endpoint.hpp */,
				99940BFE29F1F73900A77461 /* system_name.hpp */,
				99C1939629F5136100C3F53F /* system.hpp */,
				9943E8962A021E98002F4C26 /* user_endpoint.hpp */,
				99C1939E29F5819A00C3F53F /* utility.hpp */,
				9943E87C29FBF8BE002F4C26 /* variant.hpp */,
				9943E87929FBF418002F4C26 /* wait_status.hpp */,
			);
			path = flow;
			sourceTree = "<group>";
		};
		99940BF129F1CB9300A77461 /* flow */ = {
			isa = PBXGroup;
			children = (
				99C1938D29F50EFD00C3F53F /* channel.cpp */,
				99C1939129F511B700C3F53F /* connection.cpp */,
				99940BF529F1DAE800A77461 /* descriptor_id.cpp */,
				99C193A329F76AB800C3F53F /* descriptor_iostream.cpp */,
				9943E8AD2A06F10F002F4C26 /* env_name.cpp */,
				9943E8B12A06F403002F4C26 /* env_value.cpp */,
				9943E89B2A0453F3002F4C26 /* environment_map.cpp */,
				9943E8A92A059A28002F4C26 /* file_channel.cpp */,
				99C1938129F506C200C3F53F /* file_endpoint.cpp */,
				9943E88D2A0068C6002F4C26 /* indenting_ostreambuf.cpp */,
				9943E88E2A0068C6002F4C26 /* indenting_ostreambuf.hpp */,
				99C1939929F5774600C3F53F /* instance.cpp */,
				99940BEC29F1C9A500A77461 /* io_type.cpp */,
				9943E87429FB444F002F4C26 /* os_error_code.cpp */,
				9943E89D2A04A63F002F4C26 /* owning_process_id.cpp */,
				9943E8912A021A46002F4C26 /* pipe_channel.cpp */,
				9943E8A52A055E11002F4C26 /* pipe_registry.cpp */,
				9943E8A62A055E11002F4C26 /* pipe_registry.hpp */,
				99940BF929F1F49F00A77461 /* process_id.cpp */,
				9943E8A12A04A783002F4C26 /* reference_process_id.cpp */,
				99940BFD29F1F73900A77461 /* system_name.cpp */,
				99C1937929F4D70F00C3F53F /* system_endpoint.cpp */,
				99C1939529F5136100C3F53F /* system.cpp */,
				9943E8952A021E98002F4C26 /* user_endpoint.cpp */,
				99C1939D29F5819A00C3F53F /* utility.cpp */,
				9943E88229FC0763002F4C26 /* wait_result.cpp */,
				9943E88329FC0763002F4C26 /* wait_result.hpp */,
				9943E87829FBF418002F4C26 /* wait_status.cpp */,
			);
			path = flow;
			sourceTree = "<group>";
		};
/* End PBXGroup section */

/* Begin PBXHeadersBuildPhase section */
		99940BDA29F1BD4000A77461 /* Headers */ = {
			isa = PBXHeadersBuildPhase;
			buildActionMask = 2147483647;
			files = (
				9943E8B62A06F6ED002F4C26 /* checked_value.hpp in Headers */,
				9943E8982A021E98002F4C26 /* user_endpoint.hpp in Headers */,
				99940BEF29F1C9A500A77461 /* io_type.hpp in Headers */,
				9943E89A2A044697002F4C26 /* environment_map.hpp in Headers */,
				9943E8A82A055E11002F4C26 /* pipe_registry.hpp in Headers */,
				9943E8AC2A059A28002F4C26 /* file_channel.hpp in Headers */,
				9943E8B42A06F403002F4C26 /* env_value.hpp in Headers */,
				99C1939C29F5774600C3F53F /* instance.hpp in Headers */,
				9943E8942A021A46002F4C26 /* pipe_channel.hpp in Headers */,
				99940BF829F1DAE800A77461 /* descriptor_id.hpp in Headers */,
				99C1939829F5136100C3F53F /* system.hpp in Headers */,
				99C193A229F6EB4B00C3F53F /* expected.hpp in Headers */,
				9943E8902A0068C6002F4C26 /* indenting_ostreambuf.hpp in Headers */,
				9943E8B02A06F10F002F4C26 /* env_name.hpp in Headers */,
				99940C0029F1F73900A77461 /* system_name.hpp in Headers */,
				99C193A029F5819A00C3F53F /* utility.hpp in Headers */,
				99C193B029F7AFD100C3F53F /* fstream.hpp in Headers */,
				99C1939029F50EFD00C3F53F /* channel.hpp in Headers */,
				99C1939429F511B700C3F53F /* connection.hpp in Headers */,
				9943E88529FC0763002F4C26 /* wait_result.hpp in Headers */,
				9943E8A02A04A63F002F4C26 /* owning_process_id.hpp in Headers */,
				9943E87D29FBFA07002F4C26 /* variant.hpp in Headers */,
				9943E87729FB444F002F4C26 /* os_error_code.hpp in Headers */,
				9943E8A42A04A783002F4C26 /* reference_process_id.hpp in Headers */,
				99940BFC29F1F49F00A77461 /* process_id.hpp in Headers */,
				99C1937C29F4D70F00C3F53F /* system_endpoint.hpp in Headers */,
				9943E87B29FBF418002F4C26 /* wait_status.hpp in Headers */,
				9943E88C2A005069002F4C26 /* endpoint.hpp in Headers */,
				99C193A629F76AB800C3F53F /* descriptor_iostream.hpp in Headers */,
				99C1938429F506C200C3F53F /* file_endpoint.hpp in Headers */,
			);
			runOnlyForDeploymentPostprocessing = 0;
		};
/* End PBXHeadersBuildPhase section */

/* Begin PBXNativeTarget section */
		99940BCC29F1644400A77461 /* shell */ = {
			isa = PBXNativeTarget;
			buildConfigurationList = 99940BD429F1644400A77461 /* Build configuration list for PBXNativeTarget "shell" */;
			buildPhases = (
				99940BC929F1644400A77461 /* Sources */,
				99940BCA29F1644400A77461 /* Frameworks */,
				99940BCB29F1644400A77461 /* CopyFiles */,
				99940BE729F1BF4400A77461 /* Embed Libraries */,
			);
			buildRules = (
			);
			dependencies = (
				99940BF329F1CFF100A77461 /* PBXTargetDependency */,
			);
			name = shell;
			productName = Flow;
			productReference = 99940BCD29F1644400A77461 /* shell */;
			productType = "com.apple.product-type.tool";
		};
		99940BDD29F1BD4000A77461 /* library */ = {
			isa = PBXNativeTarget;
			buildConfigurationList = 99940BDF29F1BD4000A77461 /* Build configuration list for PBXNativeTarget "library" */;
			buildPhases = (
				99940BDA29F1BD4000A77461 /* Headers */,
				99940BDB29F1BD4000A77461 /* Sources */,
				99940BDC29F1BD4000A77461 /* Frameworks */,
			);
			buildRules = (
			);
			dependencies = (
			);
			name = library;
			productName = library;
			productReference = 99940BDE29F1BD4000A77461 /* libflow.dylib */;
			productType = "com.apple.product-type.library.dynamic";
		};
/* End PBXNativeTarget section */

/* Begin PBXProject section */
		99940BC529F1644400A77461 /* Project object */ = {
			isa = PBXProject;
			attributes = {
				BuildIndependentTargetsInParallel = 1;
				LastUpgradeCheck = 1430;
				TargetAttributes = {
					99940BCC29F1644400A77461 = {
						CreatedOnToolsVersion = 14.3;
					};
					99940BDD29F1BD4000A77461 = {
						CreatedOnToolsVersion = 14.3;
					};
				};
			};
			buildConfigurationList = 99940BC829F1644400A77461 /* Build configuration list for PBXProject "flow" */;
			compatibilityVersion = "Xcode 14.0";
			developmentRegion = en;
			hasScannedForEncodings = 0;
			knownRegions = (
				en,
				Base,
			);
			mainGroup = 99940BC429F1644400A77461;
			productRefGroup = 99940BCE29F1644400A77461 /* Products */;
			projectDirPath = "";
			projectRoot = "";
			targets = (
				99940BDD29F1BD4000A77461 /* library */,
				99940BCC29F1644400A77461 /* shell */,
			);
		};
/* End PBXProject section */

/* Begin PBXSourcesBuildPhase section */
		99940BC929F1644400A77461 /* Sources */ = {
			isa = PBXSourcesBuildPhase;
			buildActionMask = 2147483647;
			files = (
				99940BD129F1644400A77461 /* main.cpp in Sources */,
			);
			runOnlyForDeploymentPostprocessing = 0;
		};
		99940BDB29F1BD4000A77461 /* Sources */ = {
			isa = PBXSourcesBuildPhase;
			buildActionMask = 2147483647;
			files = (
				9943E8A72A055E11002F4C26 /* pipe_registry.cpp in Sources */,
				9943E88F2A0068C6002F4C26 /* indenting_ostreambuf.cpp in Sources */,
				99940BF729F1DAE800A77461 /* descriptor_id.cpp in Sources */,
				9943E89F2A04A63F002F4C26 /* owning_process_id.cpp in Sources */,
				9943E87A29FBF418002F4C26 /* wait_status.cpp in Sources */,
				9943E87629FB444F002F4C26 /* os_error_code.cpp in Sources */,
				9943E8AF2A06F10F002F4C26 /* env_name.cpp in Sources */,
				9943E88429FC0763002F4C26 /* wait_result.cpp in Sources */,
				99C1939329F511B700C3F53F /* connection.cpp in Sources */,
				99C1938329F506C200C3F53F /* file_endpoint.cpp in Sources */,
				9943E8A32A04A783002F4C26 /* reference_process_id.cpp in Sources */,
				99940BFF29F1F73900A77461 /* system_name.cpp in Sources */,
				9943E8AB2A059A28002F4C26 /* file_channel.cpp in Sources */,
				99C193A529F76AB800C3F53F /* descriptor_iostream.cpp in Sources */,
				9943E8972A021E98002F4C26 /* user_endpoint.cpp in Sources */,
				99940BFB29F1F49F00A77461 /* process_id.cpp in Sources */,
				99C1939729F5136100C3F53F /* system.cpp in Sources */,
				9943E8932A021A46002F4C26 /* pipe_channel.cpp in Sources */,
				99C1939B29F5774600C3F53F /* instance.cpp in Sources */,
				99C1939F29F5819A00C3F53F /* utility.cpp in Sources */,
				99C1937B29F4D70F00C3F53F /* system_endpoint.cpp in Sources */,
				9943E89C2A0453F3002F4C26 /* environment_map.cpp in Sources */,
				9943E8B32A06F403002F4C26 /* env_value.cpp in Sources */,
				99C1938F29F50EFD00C3F53F /* channel.cpp in Sources */,
				99940BEE29F1C9A500A77461 /* io_type.cpp in Sources */,
			);
			runOnlyForDeploymentPostprocessing = 0;
		};
/* End PBXSourcesBuildPhase section */

/* Begin PBXTargetDependency section */
		99940BF329F1CFF100A77461 /* PBXTargetDependency */ = {
			isa = PBXTargetDependency;
			target = 99940BDD29F1BD4000A77461 /* library */;
			targetProxy = 99940BF229F1CFF100A77461 /* PBXContainerItemProxy */;
		};
/* End PBXTargetDependency section */

/* Begin XCBuildConfiguration section */
		99940BD229F1644400A77461 /* Debug */ = {
			isa = XCBuildConfiguration;
			buildSettings = {
				ALWAYS_SEARCH_USER_PATHS = YES;
				CLANG_ANALYZER_NONNULL = YES;
				CLANG_ANALYZER_NUMBER_OBJECT_CONVERSION = YES_AGGRESSIVE;
				CLANG_CXX_LANGUAGE_STANDARD = "gnu++20";
				CLANG_ENABLE_MODULES = YES;
				CLANG_ENABLE_OBJC_ARC = YES;
				CLANG_ENABLE_OBJC_WEAK = YES;
				CLANG_WARN_BLOCK_CAPTURE_AUTORELEASING = YES;
				CLANG_WARN_BOOL_CONVERSION = YES;
				CLANG_WARN_COMMA = YES;
				CLANG_WARN_CONSTANT_CONVERSION = YES;
				CLANG_WARN_DEPRECATED_OBJC_IMPLEMENTATIONS = YES;
				CLANG_WARN_DIRECT_OBJC_ISA_USAGE = YES_ERROR;
				CLANG_WARN_DOCUMENTATION_COMMENTS = YES;
				CLANG_WARN_EMPTY_BODY = YES;
				CLANG_WARN_ENUM_CONVERSION = YES;
				CLANG_WARN_INFINITE_RECURSION = YES;
				CLANG_WARN_INT_CONVERSION = YES;
				CLANG_WARN_NON_LITERAL_NULL_CONVERSION = YES;
				CLANG_WARN_OBJC_IMPLICIT_RETAIN_SELF = YES;
				CLANG_WARN_OBJC_LITERAL_CONVERSION = YES;
				CLANG_WARN_OBJC_ROOT_CLASS = YES_ERROR;
				CLANG_WARN_QUOTED_INCLUDE_IN_FRAMEWORK_HEADER = YES;
				CLANG_WARN_RANGE_LOOP_ANALYSIS = YES;
				CLANG_WARN_STRICT_PROTOTYPES = YES;
				CLANG_WARN_SUSPICIOUS_MOVE = YES;
				CLANG_WARN_UNGUARDED_AVAILABILITY = YES_AGGRESSIVE;
				CLANG_WARN_UNREACHABLE_CODE = YES;
				CLANG_WARN__DUPLICATE_METHOD_MATCH = YES;
				COPY_PHASE_STRIP = NO;
				DEBUG_INFORMATION_FORMAT = dwarf;
				ENABLE_STRICT_OBJC_MSGSEND = YES;
				ENABLE_TESTABILITY = YES;
				GCC_C_LANGUAGE_STANDARD = gnu11;
				GCC_DYNAMIC_NO_PIC = NO;
				GCC_NO_COMMON_BLOCKS = YES;
				GCC_OPTIMIZATION_LEVEL = 0;
				GCC_PREPROCESSOR_DEFINITIONS = (
					"DEBUG=1",
					"$(inherited)",
				);
				GCC_WARN_64_TO_32_BIT_CONVERSION = YES;
				GCC_WARN_ABOUT_RETURN_TYPE = YES_ERROR;
				GCC_WARN_UNDECLARED_SELECTOR = YES;
				GCC_WARN_UNINITIALIZED_AUTOS = YES_AGGRESSIVE;
				GCC_WARN_UNUSED_FUNCTION = YES;
				GCC_WARN_UNUSED_VARIABLE = YES;
				HEADER_SEARCH_PATHS = /opt/homebrew/opt/boost/include/;
				LIBRARY_SEARCH_PATHS = /opt/homebrew/opt/boost/lib/;
				MACOSX_DEPLOYMENT_TARGET = 13.3;
				MTL_ENABLE_DEBUG_INFO = INCLUDE_SOURCE;
				MTL_FAST_MATH = YES;
				ONLY_ACTIVE_ARCH = YES;
				SDKROOT = macosx;
			};
			name = Debug;
		};
		99940BD329F1644400A77461 /* Release */ = {
			isa = XCBuildConfiguration;
			buildSettings = {
				ALWAYS_SEARCH_USER_PATHS = YES;
				CLANG_ANALYZER_NONNULL = YES;
				CLANG_ANALYZER_NUMBER_OBJECT_CONVERSION = YES_AGGRESSIVE;
				CLANG_CXX_LANGUAGE_STANDARD = "gnu++20";
				CLANG_ENABLE_MODULES = YES;
				CLANG_ENABLE_OBJC_ARC = YES;
				CLANG_ENABLE_OBJC_WEAK = YES;
				CLANG_WARN_BLOCK_CAPTURE_AUTORELEASING = YES;
				CLANG_WARN_BOOL_CONVERSION = YES;
				CLANG_WARN_COMMA = YES;
				CLANG_WARN_CONSTANT_CONVERSION = YES;
				CLANG_WARN_DEPRECATED_OBJC_IMPLEMENTATIONS = YES;
				CLANG_WARN_DIRECT_OBJC_ISA_USAGE = YES_ERROR;
				CLANG_WARN_DOCUMENTATION_COMMENTS = YES;
				CLANG_WARN_EMPTY_BODY = YES;
				CLANG_WARN_ENUM_CONVERSION = YES;
				CLANG_WARN_INFINITE_RECURSION = YES;
				CLANG_WARN_INT_CONVERSION = YES;
				CLANG_WARN_NON_LITERAL_NULL_CONVERSION = YES;
				CLANG_WARN_OBJC_IMPLICIT_RETAIN_SELF = YES;
				CLANG_WARN_OBJC_LITERAL_CONVERSION = YES;
				CLANG_WARN_OBJC_ROOT_CLASS = YES_ERROR;
				CLANG_WARN_QUOTED_INCLUDE_IN_FRAMEWORK_HEADER = YES;
				CLANG_WARN_RANGE_LOOP_ANALYSIS = YES;
				CLANG_WARN_STRICT_PROTOTYPES = YES;
				CLANG_WARN_SUSPICIOUS_MOVE = YES;
				CLANG_WARN_UNGUARDED_AVAILABILITY = YES_AGGRESSIVE;
				CLANG_WARN_UNREACHABLE_CODE = YES;
				CLANG_WARN__DUPLICATE_METHOD_MATCH = YES;
				COPY_PHASE_STRIP = NO;
				DEBUG_INFORMATION_FORMAT = "dwarf-with-dsym";
				ENABLE_NS_ASSERTIONS = NO;
				ENABLE_STRICT_OBJC_MSGSEND = YES;
				GCC_C_LANGUAGE_STANDARD = gnu11;
				GCC_NO_COMMON_BLOCKS = YES;
				GCC_WARN_64_TO_32_BIT_CONVERSION = YES;
				GCC_WARN_ABOUT_RETURN_TYPE = YES_ERROR;
				GCC_WARN_UNDECLARED_SELECTOR = YES;
				GCC_WARN_UNINITIALIZED_AUTOS = YES_AGGRESSIVE;
				GCC_WARN_UNUSED_FUNCTION = YES;
				GCC_WARN_UNUSED_VARIABLE = YES;
				HEADER_SEARCH_PATHS = /opt/homebrew/opt/boost/include/;
				LIBRARY_SEARCH_PATHS = /opt/homebrew/opt/boost/lib/;
				MACOSX_DEPLOYMENT_TARGET = 13.3;
				MTL_ENABLE_DEBUG_INFO = NO;
				MTL_FAST_MATH = YES;
				SDKROOT = macosx;
			};
			name = Release;
		};
		99940BD529F1644400A77461 /* Debug */ = {
			isa = XCBuildConfiguration;
			buildSettings = {
				CODE_SIGN_STYLE = Automatic;
				PRODUCT_NAME = "$(TARGET_NAME)";
				USER_HEADER_SEARCH_PATHS = library/include;
			};
			name = Debug;
		};
		99940BD629F1644400A77461 /* Release */ = {
			isa = XCBuildConfiguration;
			buildSettings = {
				CODE_SIGN_STYLE = Automatic;
				PRODUCT_NAME = "$(TARGET_NAME)";
				USER_HEADER_SEARCH_PATHS = library/include;
			};
			name = Release;
		};
		99940BE029F1BD4000A77461 /* Debug */ = {
			isa = XCBuildConfiguration;
			buildSettings = {
				CODE_SIGN_STYLE = Automatic;
				DYLIB_COMPATIBILITY_VERSION = 1;
				DYLIB_CURRENT_VERSION = 1;
				EXECUTABLE_PREFIX = lib;
				HEADER_SEARCH_PATHS = (
					library/include,
					/opt/homebrew/opt/boost/include/,
				);
				OTHER_CPLUSPLUSFLAGS = "$(OTHER_CFLAGS)";
				OTHER_LDFLAGS = "";
				PRODUCT_NAME = flow;
				SKIP_INSTALL = YES;
				WARNING_CFLAGS = (
					"-Wall",
					"-Wextra",
					"-Wpedantic",
				);
			};
			name = Debug;
		};
		99940BE129F1BD4000A77461 /* Release */ = {
			isa = XCBuildConfiguration;
			buildSettings = {
				CODE_SIGN_STYLE = Automatic;
				DYLIB_COMPATIBILITY_VERSION = 1;
				DYLIB_CURRENT_VERSION = 1;
				EXECUTABLE_PREFIX = lib;
				HEADER_SEARCH_PATHS = (
					library/include,
					/opt/homebrew/opt/boost/include/,
				);
				OTHER_CPLUSPLUSFLAGS = "$(OTHER_CFLAGS)";
				OTHER_LDFLAGS = "";
				PRODUCT_NAME = flow;
				SKIP_INSTALL = YES;
				WARNING_CFLAGS = (
					"-Wall",
					"-Wextra",
					"-Wpedantic",
				);
			};
			name = Release;
		};
/* End XCBuildConfiguration section */

/* Begin XCConfigurationList section */
		99940BC829F1644400A77461 /* Build configuration list for PBXProject "flow" */ = {
			isa = XCConfigurationList;
			buildConfigurations = (
				99940BD229F1644400A77461 /* Debug */,
				99940BD329F1644400A77461 /* Release */,
			);
			defaultConfigurationIsVisible = 0;
			defaultConfigurationName = Release;
		};
		99940BD429F1644400A77461 /* Build configuration list for PBXNativeTarget "shell" */ = {
			isa = XCConfigurationList;
			buildConfigurations = (
				99940BD529F1644400A77461 /* Debug */,
				99940BD629F1644400A77461 /* Release */,
			);
			defaultConfigurationIsVisible = 0;
			defaultConfigurationName = Release;
		};
		99940BDF29F1BD4000A77461 /* Build configuration list for PBXNativeTarget "library" */ = {
			isa = XCConfigurationList;
			buildConfigurations = (
				99940BE029F1BD4000A77461 /* Debug */,
				99940BE129F1BD4000A77461 /* Release */,
			);
			defaultConfigurationIsVisible = 0;
			defaultConfigurationName = Release;
		};
/* End XCConfigurationList section */
	};
	rootObject = 99940BC529F1644400A77461 /* Project object */;
}
